// !$*UTF8*$!
{
	archiveVersion = 1;
	classes = {
	};
	objectVersion = 56;
	objects = {

/* Begin PBXBuildFile section */
		6507209C2B0F4D4500AC1FB6 /* SSDatePickerConfiguration.swift in Sources */ = {isa = PBXBuildFile; fileRef = 6507209B2B0F4D4500AC1FB6 /* SSDatePickerConfiguration.swift */; };
		6507209E2B0F538400AC1FB6 /* SSPickerConstants.swift in Sources */ = {isa = PBXBuildFile; fileRef = 6507209D2B0F538400AC1FB6 /* SSPickerConstants.swift */; };
		650720A22B0F644000AC1FB6 /* WeekDatesView.swift in Sources */ = {isa = PBXBuildFile; fileRef = 650720A12B0F644000AC1FB6 /* WeekDatesView.swift */; };
		650720A62B0F6BE600AC1FB6 /* DateView.swift in Sources */ = {isa = PBXBuildFile; fileRef = 650720A52B0F6BE600AC1FB6 /* DateView.swift */; };
		650720AA2B0F819F00AC1FB6 /* ImageConstant.swift in Sources */ = {isa = PBXBuildFile; fileRef = 650720A92B0F819F00AC1FB6 /* ImageConstant.swift */; };
		650720B12B107F6C00AC1FB6 /* Assets.xcassets in Resources */ = {isa = PBXBuildFile; fileRef = 650720B02B107F6C00AC1FB6 /* Assets.xcassets */; };
		650720B32B10880900AC1FB6 /* MonthSelectionView.swift in Sources */ = {isa = PBXBuildFile; fileRef = 650720B22B10880900AC1FB6 /* MonthSelectionView.swift */; };
		650720B52B10881900AC1FB6 /* YearSelectionView.swift in Sources */ = {isa = PBXBuildFile; fileRef = 650720B42B10881900AC1FB6 /* YearSelectionView.swift */; };
		650720B82B10CB0300AC1FB6 /* Calendar+Extension.swift in Sources */ = {isa = PBXBuildFile; fileRef = 650720B72B10CB0300AC1FB6 /* Calendar+Extension.swift */; };
		650720BA2B10CB2800AC1FB6 /* DateComponents+Extension.swift in Sources */ = {isa = PBXBuildFile; fileRef = 650720B92B10CB2800AC1FB6 /* DateComponents+Extension.swift */; };
		650720BC2B10CB5000AC1FB6 /* Date+Extension.swift in Sources */ = {isa = PBXBuildFile; fileRef = 650720BB2B10CB5000AC1FB6 /* Date+Extension.swift */; };
		650720BE2B10CB7300AC1FB6 /* DateFormatter+Extension.swift in Sources */ = {isa = PBXBuildFile; fileRef = 650720BD2B10CB7300AC1FB6 /* DateFormatter+Extension.swift */; };
		650720C02B10CBA100AC1FB6 /* Bundle+Extension.swift in Sources */ = {isa = PBXBuildFile; fileRef = 650720BF2B10CBA100AC1FB6 /* Bundle+Extension.swift */; };
		650720C22B10CBC500AC1FB6 /* Color+Extension.swift in Sources */ = {isa = PBXBuildFile; fileRef = 650720C12B10CBC500AC1FB6 /* Color+Extension.swift */; };
		650720C62B13BE4D00AC1FB6 /* SSDatePicker.swift in Sources */ = {isa = PBXBuildFile; fileRef = 650720C52B13BE4D00AC1FB6 /* SSDatePicker.swift */; };
		650720C82B146E9500AC1FB6 /* SSDatePickerManager.swift in Sources */ = {isa = PBXBuildFile; fileRef = 650720C72B146E9500AC1FB6 /* SSDatePickerManager.swift */; };
		650720CB2B181E5400AC1FB6 /* View+Extension.swift in Sources */ = {isa = PBXBuildFile; fileRef = 650720CA2B181E5400AC1FB6 /* View+Extension.swift */; };
		650720CD2B18257600AC1FB6 /* CornerRadiusStyle.swift in Sources */ = {isa = PBXBuildFile; fileRef = 650720CC2B18257600AC1FB6 /* CornerRadiusStyle.swift */; };
		650720EF2B19FD7A00AC1FB6 /* ThemeButton.swift in Sources */ = {isa = PBXBuildFile; fileRef = 650720EE2B19FD7A00AC1FB6 /* ThemeButton.swift */; };
		650720F52B1DAFFB00AC1FB6 /* SSTimePicker.swift in Sources */ = {isa = PBXBuildFile; fileRef = 650720F42B1DAFFB00AC1FB6 /* SSTimePicker.swift */; };
		650720F72B1DDF3600AC1FB6 /* SSTimePickerManager.swift in Sources */ = {isa = PBXBuildFile; fileRef = 650720F62B1DDF3600AC1FB6 /* SSTimePickerManager.swift */; };
		650720F92B1DE9FD00AC1FB6 /* SSTimeTextField.swift in Sources */ = {isa = PBXBuildFile; fileRef = 650720F82B1DE9FD00AC1FB6 /* SSTimeTextField.swift */; };
		650720FB2B1DEF8300AC1FB6 /* SSTimePickerConfiguration.swift in Sources */ = {isa = PBXBuildFile; fileRef = 650720FA2B1DEF8300AC1FB6 /* SSTimePickerConfiguration.swift */; };
		654A7F952B1F04DF00EB9B33 /* SSClockPicker.swift in Sources */ = {isa = PBXBuildFile; fileRef = 654A7F942B1F04DF00EB9B33 /* SSClockPicker.swift */; };
		65E058102B0E2B260049A7BA /* DateTimePicker.docc in Sources */ = {isa = PBXBuildFile; fileRef = 65E0580F2B0E2B260049A7BA /* DateTimePicker.docc */; };
		65E058162B0E2B260049A7BA /* DateTimePicker.framework in Frameworks */ = {isa = PBXBuildFile; fileRef = 65E0580B2B0E2B260049A7BA /* DateTimePicker.framework */; };
		65E0581B2B0E2B260049A7BA /* DateTimePickerTests.swift in Sources */ = {isa = PBXBuildFile; fileRef = 65E0581A2B0E2B260049A7BA /* DateTimePickerTests.swift */; };
		65E0581C2B0E2B260049A7BA /* DateTimePicker.h in Headers */ = {isa = PBXBuildFile; fileRef = 65E0580E2B0E2B260049A7BA /* DateTimePicker.h */; settings = {ATTRIBUTES = (Public, ); }; };
/* End PBXBuildFile section */

/* Begin PBXContainerItemProxy section */
		65E058172B0E2B260049A7BA /* PBXContainerItemProxy */ = {
			isa = PBXContainerItemProxy;
			containerPortal = 65E058022B0E2B260049A7BA /* Project object */;
			proxyType = 1;
			remoteGlobalIDString = 65E0580A2B0E2B260049A7BA;
			remoteInfo = DateTimePicker;
		};
/* End PBXContainerItemProxy section */

/* Begin PBXFileReference section */
		6507209B2B0F4D4500AC1FB6 /* SSDatePickerConfiguration.swift */ = {isa = PBXFileReference; lastKnownFileType = sourcecode.swift; path = SSDatePickerConfiguration.swift; sourceTree = "<group>"; };
		6507209D2B0F538400AC1FB6 /* SSPickerConstants.swift */ = {isa = PBXFileReference; lastKnownFileType = sourcecode.swift; path = SSPickerConstants.swift; sourceTree = "<group>"; };
		650720A12B0F644000AC1FB6 /* WeekDatesView.swift */ = {isa = PBXFileReference; lastKnownFileType = sourcecode.swift; path = WeekDatesView.swift; sourceTree = "<group>"; };
		650720A52B0F6BE600AC1FB6 /* DateView.swift */ = {isa = PBXFileReference; lastKnownFileType = sourcecode.swift; path = DateView.swift; sourceTree = "<group>"; };
		650720A92B0F819F00AC1FB6 /* ImageConstant.swift */ = {isa = PBXFileReference; lastKnownFileType = sourcecode.swift; path = ImageConstant.swift; sourceTree = "<group>"; };
		650720B02B107F6C00AC1FB6 /* Assets.xcassets */ = {isa = PBXFileReference; lastKnownFileType = folder.assetcatalog; path = Assets.xcassets; sourceTree = "<group>"; };
		650720B22B10880900AC1FB6 /* MonthSelectionView.swift */ = {isa = PBXFileReference; lastKnownFileType = sourcecode.swift; path = MonthSelectionView.swift; sourceTree = "<group>"; };
		650720B42B10881900AC1FB6 /* YearSelectionView.swift */ = {isa = PBXFileReference; lastKnownFileType = sourcecode.swift; path = YearSelectionView.swift; sourceTree = "<group>"; };
		650720B72B10CB0300AC1FB6 /* Calendar+Extension.swift */ = {isa = PBXFileReference; lastKnownFileType = sourcecode.swift; path = "Calendar+Extension.swift"; sourceTree = "<group>"; };
		650720B92B10CB2800AC1FB6 /* DateComponents+Extension.swift */ = {isa = PBXFileReference; lastKnownFileType = sourcecode.swift; path = "DateComponents+Extension.swift"; sourceTree = "<group>"; };
		650720BB2B10CB5000AC1FB6 /* Date+Extension.swift */ = {isa = PBXFileReference; lastKnownFileType = sourcecode.swift; path = "Date+Extension.swift"; sourceTree = "<group>"; };
		650720BD2B10CB7300AC1FB6 /* DateFormatter+Extension.swift */ = {isa = PBXFileReference; lastKnownFileType = sourcecode.swift; path = "DateFormatter+Extension.swift"; sourceTree = "<group>"; };
		650720BF2B10CBA100AC1FB6 /* Bundle+Extension.swift */ = {isa = PBXFileReference; lastKnownFileType = sourcecode.swift; path = "Bundle+Extension.swift"; sourceTree = "<group>"; };
		650720C12B10CBC500AC1FB6 /* Color+Extension.swift */ = {isa = PBXFileReference; lastKnownFileType = sourcecode.swift; path = "Color+Extension.swift"; sourceTree = "<group>"; };
		650720C52B13BE4D00AC1FB6 /* SSDatePicker.swift */ = {isa = PBXFileReference; lastKnownFileType = sourcecode.swift; path = SSDatePicker.swift; sourceTree = "<group>"; };
		650720C72B146E9500AC1FB6 /* SSDatePickerManager.swift */ = {isa = PBXFileReference; lastKnownFileType = sourcecode.swift; path = SSDatePickerManager.swift; sourceTree = "<group>"; };
		650720CA2B181E5400AC1FB6 /* View+Extension.swift */ = {isa = PBXFileReference; lastKnownFileType = sourcecode.swift; path = "View+Extension.swift"; sourceTree = "<group>"; };
		650720CC2B18257600AC1FB6 /* CornerRadiusStyle.swift */ = {isa = PBXFileReference; lastKnownFileType = sourcecode.swift; path = CornerRadiusStyle.swift; sourceTree = "<group>"; };
		650720EE2B19FD7A00AC1FB6 /* ThemeButton.swift */ = {isa = PBXFileReference; lastKnownFileType = sourcecode.swift; path = ThemeButton.swift; sourceTree = "<group>"; };
		650720F42B1DAFFB00AC1FB6 /* SSTimePicker.swift */ = {isa = PBXFileReference; lastKnownFileType = sourcecode.swift; path = SSTimePicker.swift; sourceTree = "<group>"; };
		650720F62B1DDF3600AC1FB6 /* SSTimePickerManager.swift */ = {isa = PBXFileReference; lastKnownFileType = sourcecode.swift; path = SSTimePickerManager.swift; sourceTree = "<group>"; };
		650720F82B1DE9FD00AC1FB6 /* SSTimeTextField.swift */ = {isa = PBXFileReference; lastKnownFileType = sourcecode.swift; path = SSTimeTextField.swift; sourceTree = "<group>"; };
		650720FA2B1DEF8300AC1FB6 /* SSTimePickerConfiguration.swift */ = {isa = PBXFileReference; lastKnownFileType = sourcecode.swift; path = SSTimePickerConfiguration.swift; sourceTree = "<group>"; };
		654A7F942B1F04DF00EB9B33 /* SSClockPicker.swift */ = {isa = PBXFileReference; lastKnownFileType = sourcecode.swift; path = SSClockPicker.swift; sourceTree = "<group>"; };
		65E0580B2B0E2B260049A7BA /* DateTimePicker.framework */ = {isa = PBXFileReference; explicitFileType = wrapper.framework; includeInIndex = 0; path = DateTimePicker.framework; sourceTree = BUILT_PRODUCTS_DIR; };
		65E0580E2B0E2B260049A7BA /* DateTimePicker.h */ = {isa = PBXFileReference; lastKnownFileType = sourcecode.c.h; path = DateTimePicker.h; sourceTree = "<group>"; };
		65E0580F2B0E2B260049A7BA /* DateTimePicker.docc */ = {isa = PBXFileReference; lastKnownFileType = folder.documentationcatalog; path = DateTimePicker.docc; sourceTree = "<group>"; };
		65E058152B0E2B260049A7BA /* DateTimePickerTests.xctest */ = {isa = PBXFileReference; explicitFileType = wrapper.cfbundle; includeInIndex = 0; path = DateTimePickerTests.xctest; sourceTree = BUILT_PRODUCTS_DIR; };
		65E0581A2B0E2B260049A7BA /* DateTimePickerTests.swift */ = {isa = PBXFileReference; lastKnownFileType = sourcecode.swift; path = DateTimePickerTests.swift; sourceTree = "<group>"; };
/* End PBXFileReference section */

/* Begin PBXFrameworksBuildPhase section */
		65E058082B0E2B260049A7BA /* Frameworks */ = {
			isa = PBXFrameworksBuildPhase;
			buildActionMask = 2147483647;
			files = (
			);
			runOnlyForDeploymentPostprocessing = 0;
		};
		65E058122B0E2B260049A7BA /* Frameworks */ = {
			isa = PBXFrameworksBuildPhase;
			buildActionMask = 2147483647;
			files = (
				65E058162B0E2B260049A7BA /* DateTimePicker.framework in Frameworks */,
			);
			runOnlyForDeploymentPostprocessing = 0;
		};
/* End PBXFrameworksBuildPhase section */

/* Begin PBXGroup section */
		650720A32B0F645000AC1FB6 /* Views */ = {
			isa = PBXGroup;
			children = (
				650720A12B0F644000AC1FB6 /* WeekDatesView.swift */,
				650720A52B0F6BE600AC1FB6 /* DateView.swift */,
				650720B22B10880900AC1FB6 /* MonthSelectionView.swift */,
				650720B42B10881900AC1FB6 /* YearSelectionView.swift */,
				650720C52B13BE4D00AC1FB6 /* SSDatePicker.swift */,
				650720F42B1DAFFB00AC1FB6 /* SSTimePicker.swift */,
			);
			path = Views;
			sourceTree = "<group>";
		};
		650720A42B0F645600AC1FB6 /* Common */ = {
			isa = PBXGroup;
			children = (
				654A7F972B1F2CF400EB9B33 /* Time picker */,
				654A7F962B1F2CEC00EB9B33 /* Date picker */,
				6507209D2B0F538400AC1FB6 /* SSPickerConstants.swift */,
				650720A92B0F819F00AC1FB6 /* ImageConstant.swift */,
				650720CC2B18257600AC1FB6 /* CornerRadiusStyle.swift */,
				650720F82B1DE9FD00AC1FB6 /* SSTimeTextField.swift */,
				650720EE2B19FD7A00AC1FB6 /* ThemeButton.swift */,
			);
			path = Common;
			sourceTree = "<group>";
		};
		650720B62B10CABF00AC1FB6 /* Extensions */ = {
			isa = PBXGroup;
			children = (
				650720B72B10CB0300AC1FB6 /* Calendar+Extension.swift */,
				650720B92B10CB2800AC1FB6 /* DateComponents+Extension.swift */,
				650720BB2B10CB5000AC1FB6 /* Date+Extension.swift */,
				650720BD2B10CB7300AC1FB6 /* DateFormatter+Extension.swift */,
				650720BF2B10CBA100AC1FB6 /* Bundle+Extension.swift */,
				650720C12B10CBC500AC1FB6 /* Color+Extension.swift */,
				650720CA2B181E5400AC1FB6 /* View+Extension.swift */,
			);
			path = Extensions;
			sourceTree = "<group>";
		};
		654A7F962B1F2CEC00EB9B33 /* Date picker */ = {
			isa = PBXGroup;
			children = (
				650720C72B146E9500AC1FB6 /* SSDatePickerManager.swift */,
				6507209B2B0F4D4500AC1FB6 /* SSDatePickerConfiguration.swift */,
			);
			path = "Date picker";
			sourceTree = "<group>";
		};
		654A7F972B1F2CF400EB9B33 /* Time picker */ = {
			isa = PBXGroup;
			children = (
				654A7F942B1F04DF00EB9B33 /* SSClockPicker.swift */,
				650720FA2B1DEF8300AC1FB6 /* SSTimePickerConfiguration.swift */,
				650720F62B1DDF3600AC1FB6 /* SSTimePickerManager.swift */,
			);
			path = "Time picker";
			sourceTree = "<group>";
		};
		65E058012B0E2B260049A7BA = {
			isa = PBXGroup;
			children = (
				65E0580D2B0E2B260049A7BA /* DateTimePicker */,
				65E058192B0E2B260049A7BA /* DateTimePickerTests */,
				65E0580C2B0E2B260049A7BA /* Products */,
			);
			sourceTree = "<group>";
		};
		65E0580C2B0E2B260049A7BA /* Products */ = {
			isa = PBXGroup;
			children = (
				65E0580B2B0E2B260049A7BA /* DateTimePicker.framework */,
				65E058152B0E2B260049A7BA /* DateTimePickerTests.xctest */,
			);
			name = Products;
			sourceTree = "<group>";
		};
		65E0580D2B0E2B260049A7BA /* DateTimePicker */ = {
			isa = PBXGroup;
			children = (
				650720B02B107F6C00AC1FB6 /* Assets.xcassets */,
				650720B62B10CABF00AC1FB6 /* Extensions */,
				650720A42B0F645600AC1FB6 /* Common */,
				650720A32B0F645000AC1FB6 /* Views */,
				65E0580E2B0E2B260049A7BA /* DateTimePicker.h */,
				65E0580F2B0E2B260049A7BA /* DateTimePicker.docc */,
			);
			path = DateTimePicker;
			sourceTree = "<group>";
		};
		65E058192B0E2B260049A7BA /* DateTimePickerTests */ = {
			isa = PBXGroup;
			children = (
				65E0581A2B0E2B260049A7BA /* DateTimePickerTests.swift */,
			);
			path = DateTimePickerTests;
			sourceTree = "<group>";
		};
/* End PBXGroup section */

/* Begin PBXHeadersBuildPhase section */
		65E058062B0E2B260049A7BA /* Headers */ = {
			isa = PBXHeadersBuildPhase;
			buildActionMask = 2147483647;
			files = (
				65E0581C2B0E2B260049A7BA /* DateTimePicker.h in Headers */,
			);
			runOnlyForDeploymentPostprocessing = 0;
		};
/* End PBXHeadersBuildPhase section */

/* Begin PBXNativeTarget section */
		65E0580A2B0E2B260049A7BA /* DateTimePicker */ = {
			isa = PBXNativeTarget;
			buildConfigurationList = 65E0581F2B0E2B260049A7BA /* Build configuration list for PBXNativeTarget "DateTimePicker" */;
			buildPhases = (
				65E058062B0E2B260049A7BA /* Headers */,
				65E058072B0E2B260049A7BA /* Sources */,
				65E058082B0E2B260049A7BA /* Frameworks */,
				65E058092B0E2B260049A7BA /* Resources */,
			);
			buildRules = (
			);
			dependencies = (
			);
			name = DateTimePicker;
			productName = DateTimePicker;
			productReference = 65E0580B2B0E2B260049A7BA /* DateTimePicker.framework */;
			productType = "com.apple.product-type.framework";
		};
		65E058142B0E2B260049A7BA /* DateTimePickerTests */ = {
			isa = PBXNativeTarget;
			buildConfigurationList = 65E058222B0E2B260049A7BA /* Build configuration list for PBXNativeTarget "DateTimePickerTests" */;
			buildPhases = (
				65E058112B0E2B260049A7BA /* Sources */,
				65E058122B0E2B260049A7BA /* Frameworks */,
				65E058132B0E2B260049A7BA /* Resources */,
			);
			buildRules = (
			);
			dependencies = (
				65E058182B0E2B260049A7BA /* PBXTargetDependency */,
			);
			name = DateTimePickerTests;
			productName = DateTimePickerTests;
			productReference = 65E058152B0E2B260049A7BA /* DateTimePickerTests.xctest */;
			productType = "com.apple.product-type.bundle.unit-test";
		};
/* End PBXNativeTarget section */

/* Begin PBXProject section */
		65E058022B0E2B260049A7BA /* Project object */ = {
			isa = PBXProject;
			attributes = {
				BuildIndependentTargetsInParallel = 1;
				LastSwiftUpdateCheck = 1430;
				LastUpgradeCheck = 1430;
				TargetAttributes = {
					65E0580A2B0E2B260049A7BA = {
						CreatedOnToolsVersion = 14.3.1;
					};
					65E058142B0E2B260049A7BA = {
						CreatedOnToolsVersion = 14.3.1;
					};
				};
			};
			buildConfigurationList = 65E058052B0E2B260049A7BA /* Build configuration list for PBXProject "DateTimePicker" */;
			compatibilityVersion = "Xcode 14.0";
			developmentRegion = en;
			hasScannedForEncodings = 0;
			knownRegions = (
				en,
				Base,
			);
			mainGroup = 65E058012B0E2B260049A7BA;
			productRefGroup = 65E0580C2B0E2B260049A7BA /* Products */;
			projectDirPath = "";
			projectRoot = "";
			targets = (
				65E0580A2B0E2B260049A7BA /* DateTimePicker */,
				65E058142B0E2B260049A7BA /* DateTimePickerTests */,
			);
		};
/* End PBXProject section */

/* Begin PBXResourcesBuildPhase section */
		65E058092B0E2B260049A7BA /* Resources */ = {
			isa = PBXResourcesBuildPhase;
			buildActionMask = 2147483647;
			files = (
				650720B12B107F6C00AC1FB6 /* Assets.xcassets in Resources */,
			);
			runOnlyForDeploymentPostprocessing = 0;
		};
		65E058132B0E2B260049A7BA /* Resources */ = {
			isa = PBXResourcesBuildPhase;
			buildActionMask = 2147483647;
			files = (
			);
			runOnlyForDeploymentPostprocessing = 0;
		};
/* End PBXResourcesBuildPhase section */

/* Begin PBXSourcesBuildPhase section */
		65E058072B0E2B260049A7BA /* Sources */ = {
			isa = PBXSourcesBuildPhase;
			buildActionMask = 2147483647;
			files = (
				650720BA2B10CB2800AC1FB6 /* DateComponents+Extension.swift in Sources */,
				650720A22B0F644000AC1FB6 /* WeekDatesView.swift in Sources */,
				650720B82B10CB0300AC1FB6 /* Calendar+Extension.swift in Sources */,
				650720CB2B181E5400AC1FB6 /* View+Extension.swift in Sources */,
				650720C02B10CBA100AC1FB6 /* Bundle+Extension.swift in Sources */,
				650720A62B0F6BE600AC1FB6 /* DateView.swift in Sources */,
				650720C62B13BE4D00AC1FB6 /* SSDatePicker.swift in Sources */,
				650720B32B10880900AC1FB6 /* MonthSelectionView.swift in Sources */,
				650720CD2B18257600AC1FB6 /* CornerRadiusStyle.swift in Sources */,
				650720AA2B0F819F00AC1FB6 /* ImageConstant.swift in Sources */,
				650720BE2B10CB7300AC1FB6 /* DateFormatter+Extension.swift in Sources */,
				650720B52B10881900AC1FB6 /* YearSelectionView.swift in Sources */,
				654A7F952B1F04DF00EB9B33 /* SSClockPicker.swift in Sources */,
				650720F72B1DDF3600AC1FB6 /* SSTimePickerManager.swift in Sources */,
				650720C82B146E9500AC1FB6 /* SSDatePickerManager.swift in Sources */,
				650720F92B1DE9FD00AC1FB6 /* SSTimeTextField.swift in Sources */,
				6507209E2B0F538400AC1FB6 /* SSPickerConstants.swift in Sources */,
				650720FB2B1DEF8300AC1FB6 /* SSTimePickerConfiguration.swift in Sources */,
				65E058102B0E2B260049A7BA /* DateTimePicker.docc in Sources */,
				650720BC2B10CB5000AC1FB6 /* Date+Extension.swift in Sources */,
				650720F52B1DAFFB00AC1FB6 /* SSTimePicker.swift in Sources */,
				650720EF2B19FD7A00AC1FB6 /* ThemeButton.swift in Sources */,
				650720C22B10CBC500AC1FB6 /* Color+Extension.swift in Sources */,
				6507209C2B0F4D4500AC1FB6 /* SSDatePickerConfiguration.swift in Sources */,
			);
			runOnlyForDeploymentPostprocessing = 0;
		};
		65E058112B0E2B260049A7BA /* Sources */ = {
			isa = PBXSourcesBuildPhase;
			buildActionMask = 2147483647;
			files = (
				65E0581B2B0E2B260049A7BA /* DateTimePickerTests.swift in Sources */,
			);
			runOnlyForDeploymentPostprocessing = 0;
		};
/* End PBXSourcesBuildPhase section */

/* Begin PBXTargetDependency section */
		65E058182B0E2B260049A7BA /* PBXTargetDependency */ = {
			isa = PBXTargetDependency;
			target = 65E0580A2B0E2B260049A7BA /* DateTimePicker */;
			targetProxy = 65E058172B0E2B260049A7BA /* PBXContainerItemProxy */;
		};
/* End PBXTargetDependency section */

/* Begin XCBuildConfiguration section */
		65E0581D2B0E2B260049A7BA /* Debug */ = {
			isa = XCBuildConfiguration;
			buildSettings = {
				ALWAYS_SEARCH_USER_PATHS = NO;
				CLANG_ANALYZER_NONNULL = YES;
				CLANG_ANALYZER_NUMBER_OBJECT_CONVERSION = YES_AGGRESSIVE;
				CLANG_CXX_LANGUAGE_STANDARD = "gnu++20";
				CLANG_ENABLE_MODULES = YES;
				CLANG_ENABLE_OBJC_ARC = YES;
				CLANG_ENABLE_OBJC_WEAK = YES;
				CLANG_WARN_BLOCK_CAPTURE_AUTORELEASING = YES;
				CLANG_WARN_BOOL_CONVERSION = YES;
				CLANG_WARN_COMMA = YES;
				CLANG_WARN_CONSTANT_CONVERSION = YES;
				CLANG_WARN_DEPRECATED_OBJC_IMPLEMENTATIONS = YES;
				CLANG_WARN_DIRECT_OBJC_ISA_USAGE = YES_ERROR;
				CLANG_WARN_DOCUMENTATION_COMMENTS = YES;
				CLANG_WARN_EMPTY_BODY = YES;
				CLANG_WARN_ENUM_CONVERSION = YES;
				CLANG_WARN_INFINITE_RECURSION = YES;
				CLANG_WARN_INT_CONVERSION = YES;
				CLANG_WARN_NON_LITERAL_NULL_CONVERSION = YES;
				CLANG_WARN_OBJC_IMPLICIT_RETAIN_SELF = YES;
				CLANG_WARN_OBJC_LITERAL_CONVERSION = YES;
				CLANG_WARN_OBJC_ROOT_CLASS = YES_ERROR;
				CLANG_WARN_QUOTED_INCLUDE_IN_FRAMEWORK_HEADER = YES;
				CLANG_WARN_RANGE_LOOP_ANALYSIS = YES;
				CLANG_WARN_STRICT_PROTOTYPES = YES;
				CLANG_WARN_SUSPICIOUS_MOVE = YES;
				CLANG_WARN_UNGUARDED_AVAILABILITY = YES_AGGRESSIVE;
				CLANG_WARN_UNREACHABLE_CODE = YES;
				CLANG_WARN__DUPLICATE_METHOD_MATCH = YES;
				COPY_PHASE_STRIP = NO;
				CURRENT_PROJECT_VERSION = 1;
				DEBUG_INFORMATION_FORMAT = dwarf;
				ENABLE_STRICT_OBJC_MSGSEND = YES;
				ENABLE_TESTABILITY = YES;
				GCC_C_LANGUAGE_STANDARD = gnu11;
				GCC_DYNAMIC_NO_PIC = NO;
				GCC_NO_COMMON_BLOCKS = YES;
				GCC_OPTIMIZATION_LEVEL = 0;
				GCC_PREPROCESSOR_DEFINITIONS = (
					"DEBUG=1",
					"$(inherited)",
				);
				GCC_WARN_64_TO_32_BIT_CONVERSION = YES;
				GCC_WARN_ABOUT_RETURN_TYPE = YES_ERROR;
				GCC_WARN_UNDECLARED_SELECTOR = YES;
				GCC_WARN_UNINITIALIZED_AUTOS = YES_AGGRESSIVE;
				GCC_WARN_UNUSED_FUNCTION = YES;
				GCC_WARN_UNUSED_VARIABLE = YES;
				IPHONEOS_DEPLOYMENT_TARGET = 16.4;
				MTL_ENABLE_DEBUG_INFO = INCLUDE_SOURCE;
				MTL_FAST_MATH = YES;
				ONLY_ACTIVE_ARCH = YES;
				SDKROOT = iphoneos;
				SWIFT_ACTIVE_COMPILATION_CONDITIONS = DEBUG;
				SWIFT_OPTIMIZATION_LEVEL = "-Onone";
				VERSIONING_SYSTEM = "apple-generic";
				VERSION_INFO_PREFIX = "";
			};
			name = Debug;
		};
		65E0581E2B0E2B260049A7BA /* Release */ = {
			isa = XCBuildConfiguration;
			buildSettings = {
				ALWAYS_SEARCH_USER_PATHS = NO;
				CLANG_ANALYZER_NONNULL = YES;
				CLANG_ANALYZER_NUMBER_OBJECT_CONVERSION = YES_AGGRESSIVE;
				CLANG_CXX_LANGUAGE_STANDARD = "gnu++20";
				CLANG_ENABLE_MODULES = YES;
				CLANG_ENABLE_OBJC_ARC = YES;
				CLANG_ENABLE_OBJC_WEAK = YES;
				CLANG_WARN_BLOCK_CAPTURE_AUTORELEASING = YES;
				CLANG_WARN_BOOL_CONVERSION = YES;
				CLANG_WARN_COMMA = YES;
				CLANG_WARN_CONSTANT_CONVERSION = YES;
				CLANG_WARN_DEPRECATED_OBJC_IMPLEMENTATIONS = YES;
				CLANG_WARN_DIRECT_OBJC_ISA_USAGE = YES_ERROR;
				CLANG_WARN_DOCUMENTATION_COMMENTS = YES;
				CLANG_WARN_EMPTY_BODY = YES;
				CLANG_WARN_ENUM_CONVERSION = YES;
				CLANG_WARN_INFINITE_RECURSION = YES;
				CLANG_WARN_INT_CONVERSION = YES;
				CLANG_WARN_NON_LITERAL_NULL_CONVERSION = YES;
				CLANG_WARN_OBJC_IMPLICIT_RETAIN_SELF = YES;
				CLANG_WARN_OBJC_LITERAL_CONVERSION = YES;
				CLANG_WARN_OBJC_ROOT_CLASS = YES_ERROR;
				CLANG_WARN_QUOTED_INCLUDE_IN_FRAMEWORK_HEADER = YES;
				CLANG_WARN_RANGE_LOOP_ANALYSIS = YES;
				CLANG_WARN_STRICT_PROTOTYPES = YES;
				CLANG_WARN_SUSPICIOUS_MOVE = YES;
				CLANG_WARN_UNGUARDED_AVAILABILITY = YES_AGGRESSIVE;
				CLANG_WARN_UNREACHABLE_CODE = YES;
				CLANG_WARN__DUPLICATE_METHOD_MATCH = YES;
				COPY_PHASE_STRIP = NO;
				CURRENT_PROJECT_VERSION = 1;
				DEBUG_INFORMATION_FORMAT = "dwarf-with-dsym";
				ENABLE_NS_ASSERTIONS = NO;
				ENABLE_STRICT_OBJC_MSGSEND = YES;
				GCC_C_LANGUAGE_STANDARD = gnu11;
				GCC_NO_COMMON_BLOCKS = YES;
				GCC_WARN_64_TO_32_BIT_CONVERSION = YES;
				GCC_WARN_ABOUT_RETURN_TYPE = YES_ERROR;
				GCC_WARN_UNDECLARED_SELECTOR = YES;
				GCC_WARN_UNINITIALIZED_AUTOS = YES_AGGRESSIVE;
				GCC_WARN_UNUSED_FUNCTION = YES;
				GCC_WARN_UNUSED_VARIABLE = YES;
				IPHONEOS_DEPLOYMENT_TARGET = 16.4;
				MTL_ENABLE_DEBUG_INFO = NO;
				MTL_FAST_MATH = YES;
				SDKROOT = iphoneos;
				SWIFT_COMPILATION_MODE = wholemodule;
				SWIFT_OPTIMIZATION_LEVEL = "-O";
				VALIDATE_PRODUCT = YES;
				VERSIONING_SYSTEM = "apple-generic";
				VERSION_INFO_PREFIX = "";
			};
			name = Release;
		};
		65E058202B0E2B260049A7BA /* Debug */ = {
			isa = XCBuildConfiguration;
			buildSettings = {
				CODE_SIGN_STYLE = Automatic;
				CURRENT_PROJECT_VERSION = 1;
				DEFINES_MODULE = YES;
				DYLIB_COMPATIBILITY_VERSION = 1;
				DYLIB_CURRENT_VERSION = 1;
				DYLIB_INSTALL_NAME_BASE = "@rpath";
				ENABLE_MODULE_VERIFIER = YES;
				GENERATE_INFOPLIST_FILE = YES;
				INFOPLIST_KEY_NSHumanReadableCopyright = "";
				INSTALL_PATH = "$(LOCAL_LIBRARY_DIR)/Frameworks";
				IPHONEOS_DEPLOYMENT_TARGET = 15.0;
				LD_RUNPATH_SEARCH_PATHS = (
					"$(inherited)",
					"@executable_path/Frameworks",
					"@loader_path/Frameworks",
				);
				MARKETING_VERSION = 1.0;
				MODULE_VERIFIER_SUPPORTED_LANGUAGES = "objective-c objective-c++";
				MODULE_VERIFIER_SUPPORTED_LANGUAGE_STANDARDS = "gnu11 gnu++20";
				PRODUCT_BUNDLE_IDENTIFIER = simform.DateTimePicker;
				PRODUCT_NAME = "$(TARGET_NAME:c99extidentifier)";
				SKIP_INSTALL = YES;
				SWIFT_EMIT_LOC_STRINGS = YES;
				SWIFT_VERSION = 5.0;
				TARGETED_DEVICE_FAMILY = "1,2";
			};
			name = Debug;
		};
		65E058212B0E2B260049A7BA /* Release */ = {
			isa = XCBuildConfiguration;
			buildSettings = {
				CODE_SIGN_STYLE = Automatic;
				CURRENT_PROJECT_VERSION = 1;
				DEFINES_MODULE = YES;
				DYLIB_COMPATIBILITY_VERSION = 1;
				DYLIB_CURRENT_VERSION = 1;
				DYLIB_INSTALL_NAME_BASE = "@rpath";
				ENABLE_MODULE_VERIFIER = YES;
				GENERATE_INFOPLIST_FILE = YES;
				INFOPLIST_KEY_NSHumanReadableCopyright = "";
				INSTALL_PATH = "$(LOCAL_LIBRARY_DIR)/Frameworks";
				IPHONEOS_DEPLOYMENT_TARGET = 15.0;
				LD_RUNPATH_SEARCH_PATHS = (
					"$(inherited)",
					"@executable_path/Frameworks",
					"@loader_path/Frameworks",
				);
				MARKETING_VERSION = 1.0;
				MODULE_VERIFIER_SUPPORTED_LANGUAGES = "objective-c objective-c++";
				MODULE_VERIFIER_SUPPORTED_LANGUAGE_STANDARDS = "gnu11 gnu++20";
				PRODUCT_BUNDLE_IDENTIFIER = simform.DateTimePicker;
				PRODUCT_NAME = "$(TARGET_NAME:c99extidentifier)";
				SKIP_INSTALL = YES;
				SWIFT_EMIT_LOC_STRINGS = YES;
				SWIFT_VERSION = 5.0;
				TARGETED_DEVICE_FAMILY = "1,2";
			};
			name = Release;
		};
		65E058232B0E2B260049A7BA /* Debug */ = {
			isa = XCBuildConfiguration;
			buildSettings = {
				ALWAYS_EMBED_SWIFT_STANDARD_LIBRARIES = YES;
				CODE_SIGN_STYLE = Automatic;
				CURRENT_PROJECT_VERSION = 1;
				GENERATE_INFOPLIST_FILE = YES;
				MARKETING_VERSION = 1.0;
				PRODUCT_BUNDLE_IDENTIFIER = simform.DateTimePickerTests;
				PRODUCT_NAME = "$(TARGET_NAME)";
				SWIFT_EMIT_LOC_STRINGS = NO;
				SWIFT_VERSION = 5.0;
				TARGETED_DEVICE_FAMILY = "1,2";
			};
			name = Debug;
		};
		65E058242B0E2B260049A7BA /* Release */ = {
			isa = XCBuildConfiguration;
			buildSettings = {
				ALWAYS_EMBED_SWIFT_STANDARD_LIBRARIES = YES;
				CODE_SIGN_STYLE = Automatic;
				CURRENT_PROJECT_VERSION = 1;
				GENERATE_INFOPLIST_FILE = YES;
				MARKETING_VERSION = 1.0;
				PRODUCT_BUNDLE_IDENTIFIER = simform.DateTimePickerTests;
				PRODUCT_NAME = "$(TARGET_NAME)";
				SWIFT_EMIT_LOC_STRINGS = NO;
				SWIFT_VERSION = 5.0;
				TARGETED_DEVICE_FAMILY = "1,2";
			};
			name = Release;
		};
/* End XCBuildConfiguration section */

/* Begin XCConfigurationList section */
		65E058052B0E2B260049A7BA /* Build configuration list for PBXProject "DateTimePicker" */ = {
			isa = XCConfigurationList;
			buildConfigurations = (
				65E0581D2B0E2B260049A7BA /* Debug */,
				65E0581E2B0E2B260049A7BA /* Release */,
			);
			defaultConfigurationIsVisible = 0;
			defaultConfigurationName = Release;
		};
		65E0581F2B0E2B260049A7BA /* Build configuration list for PBXNativeTarget "DateTimePicker" */ = {
			isa = XCConfigurationList;
			buildConfigurations = (
				65E058202B0E2B260049A7BA /* Debug */,
				65E058212B0E2B260049A7BA /* Release */,
			);
			defaultConfigurationIsVisible = 0;
			defaultConfigurationName = Release;
		};
		65E058222B0E2B260049A7BA /* Build configuration list for PBXNativeTarget "DateTimePickerTests" */ = {
			isa = XCConfigurationList;
			buildConfigurations = (
				65E058232B0E2B260049A7BA /* Debug */,
				65E058242B0E2B260049A7BA /* Release */,
			);
			defaultConfigurationIsVisible = 0;
			defaultConfigurationName = Release;
		};
/* End XCConfigurationList section */
	};
	rootObject = 65E058022B0E2B260049A7BA /* Project object */;
}
